
Microsoft Visual Studio Solution File, Format Version 12.00
# Visual Studio Version 16
VisualStudioVersion = 16.0.30717.126
MinimumVisualStudioVersion = 10.0.40219.1
Project("{FAE04EC0-301F-11D3-BF4B-00C04F79EFBC}") = "Odev2_max_min", "Odev2_max_min\Odev2_max_min.csproj", "{2547EE6D-43FD-49BB-8DCD-4F5D198C1878}"
EndProject
Global
	GlobalSection(SolutionConfigurationPlatforms) = preSolution
		Debug|Any CPU = Debug|Any CPU
		Release|Any CPU = Release|Any CPU
	EndGlobalSection
	GlobalSection(ProjectConfigurationPlatforms) = postSolution
		{2547EE6D-43FD-49BB-8DCD-4F5D198C1878}.Debug|Any CPU.ActiveCfg = Debug|Any CPU
		{2547EE6D-43FD-49BB-8DCD-4F5D198C1878}.Debug|Any CPU.Build.0 = Debug|Any CPU
		{2547EE6D-43FD-49BB-8DCD-4F5D198C1878}.Release|Any CPU.ActiveCfg = Release|Any CPU
		{2547EE6D-43FD-49BB-8DCD-4F5D198C1878}.Release|Any CPU.Build.0 = Release|Any CPU
	EndGlobalSection
	GlobalSection(SolutionProperties) = preSolution
		HideSolutionNode = FALSE
	EndGlobalSection
	GlobalSection(ExtensibilityGlobals) = postSolution
		SolutionGuid = {7486E349-C407-4FE8-AC6B-14A91BF78151}
	EndGlobalSection
EndGlobal
